
Microsoft Visual Studio Solution File, Format Version 12.00
# Visual Studio Version 16
VisualStudioVersion = 16.0.30011.22
MinimumVisualStudioVersion = 10.0.40219.1
Project("{FAE04EC0-301F-11D3-BF4B-00C04F79EFBC}") = "CC_1_2021", "CC_1_2021\CC_1_2021.csproj", "{AF52F3D5-3882-47E4-ACF4-1AEF7138C16F}"
EndProject
Project("{F184B08F-C81C-45F6-A57F-5ABD9991F28F}") = "WebApi", "WebApi\WebApi.vbproj", "{1F2BECB0-4601-42F3-8246-90C594226427}"
EndProject
Project("{F184B08F-C81C-45F6-A57F-5ABD9991F28F}") = "AspMvc", "AspMvc\AspMvc.vbproj", "{FE741986-0068-485E-9B39-AA5C541C12BF}"
EndProject
Project("{FAE04EC0-301F-11D3-BF4B-00C04F79EFBC}") = "XamarinForm.Android", "XamarinForm\XamarinForm.Android\XamarinForm.Android.csproj", "{B9081916-D11E-407B-BD72-FA7FFAC2A813}"
EndProject
Project("{FAE04EC0-301F-11D3-BF4B-00C04F79EFBC}") = "XamarinForm.iOS", "XamarinForm\XamarinForm.iOS\XamarinForm.iOS.csproj", "{20807A42-C737-41A7-83C7-62B875DC0E3F}"
EndProject
Project("{FAE04EC0-301F-11D3-BF4B-00C04F79EFBC}") = "XamarinForm", "XamarinForm\XamarinForm\XamarinForm.csproj", "{CF7D0880-3B9C-46D3-938D-B600B119A316}"
EndProject
Global
	GlobalSection(SolutionConfigurationPlatforms) = preSolution
		Debug|Any CPU = Debug|Any CPU
		Debug|iPhone = Debug|iPhone
		Debug|iPhoneSimulator = Debug|iPhoneSimulator
		Release|Any CPU = Release|Any CPU
		Release|iPhone = Release|iPhone
		Release|iPhoneSimulator = Release|iPhoneSimulator
	EndGlobalSection
	GlobalSection(ProjectConfigurationPlatforms) = postSolution
		{AF52F3D5-3882-47E4-ACF4-1AEF7138C16F}.Debug|Any CPU.ActiveCfg = Debug|Any CPU
		{AF52F3D5-3882-47E4-ACF4-1AEF7138C16F}.Debug|Any CPU.Build.0 = Debug|Any CPU
		{AF52F3D5-3882-47E4-ACF4-1AEF7138C16F}.Debug|iPhone.ActiveCfg = Debug|Any CPU
		{AF52F3D5-3882-47E4-ACF4-1AEF7138C16F}.Debug|iPhone.Build.0 = Debug|Any CPU
		{AF52F3D5-3882-47E4-ACF4-1AEF7138C16F}.Debug|iPhoneSimulator.ActiveCfg = Debug|Any CPU
		{AF52F3D5-3882-47E4-ACF4-1AEF7138C16F}.Debug|iPhoneSimulator.Build.0 = Debug|Any CPU
		{AF52F3D5-3882-47E4-ACF4-1AEF7138C16F}.Release|Any CPU.ActiveCfg = Release|Any CPU
		{AF52F3D5-3882-47E4-ACF4-1AEF7138C16F}.Release|Any CPU.Build.0 = Release|Any CPU
		{AF52F3D5-3882-47E4-ACF4-1AEF7138C16F}.Release|iPhone.ActiveCfg = Release|Any CPU
		{AF52F3D5-3882-47E4-ACF4-1AEF7138C16F}.Release|iPhone.Build.0 = Release|Any CPU
		{AF52F3D5-3882-47E4-ACF4-1AEF7138C16F}.Release|iPhoneSimulator.ActiveCfg = Release|Any CPU
		{AF52F3D5-3882-47E4-ACF4-1AEF7138C16F}.Release|iPhoneSimulator.Build.0 = Release|Any CPU
		{1F2BECB0-4601-42F3-8246-90C594226427}.Debug|Any CPU.ActiveCfg = Debug|Any CPU
		{1F2BECB0-4601-42F3-8246-90C594226427}.Debug|Any CPU.Build.0 = Debug|Any CPU
		{1F2BECB0-4601-42F3-8246-90C594226427}.Debug|iPhone.ActiveCfg = Debug|Any CPU
		{1F2BECB0-4601-42F3-8246-90C594226427}.Debug|iPhone.Build.0 = Debug|Any CPU
		{1F2BECB0-4601-42F3-8246-90C594226427}.Debug|iPhoneSimulator.ActiveCfg = Debug|Any CPU
		{1F2BECB0-4601-42F3-8246-90C594226427}.Debug|iPhoneSimulator.Build.0 = Debug|Any CPU
		{1F2BECB0-4601-42F3-8246-90C594226427}.Release|Any CPU.ActiveCfg = Release|Any CPU
		{1F2BECB0-4601-42F3-8246-90C594226427}.Release|Any CPU.Build.0 = Release|Any CPU
		{1F2BECB0-4601-42F3-8246-90C594226427}.Release|iPhone.ActiveCfg = Release|Any CPU
		{1F2BECB0-4601-42F3-8246-90C594226427}.Release|iPhone.Build.0 = Release|Any CPU
		{1F2BECB0-4601-42F3-8246-90C594226427}.Release|iPhoneSimulator.ActiveCfg = Release|Any CPU
		{1F2BECB0-4601-42F3-8246-90C594226427}.Release|iPhoneSimulator.Build.0 = Release|Any CPU
		{FE741986-0068-485E-9B39-AA5C541C12BF}.Debug|Any CPU.ActiveCfg = Debug|Any CPU
		{FE741986-0068-485E-9B39-AA5C541C12BF}.Debug|Any CPU.Build.0 = Debug|Any CPU
		{FE741986-0068-485E-9B39-AA5C541C12BF}.Debug|iPhone.ActiveCfg = Debug|Any CPU
		{FE741986-0068-485E-9B39-AA5C541C12BF}.Debug|iPhone.Build.0 = Debug|Any CPU
		{FE741986-0068-485E-9B39-AA5C541C12BF}.Debug|iPhoneSimulator.ActiveCfg = Debug|Any CPU
		{FE741986-0068-485E-9B39-AA5C541C12BF}.Debug|iPhoneSimulator.Build.0 = Debug|Any CPU
		{FE741986-0068-485E-9B39-AA5C541C12BF}.Release|Any CPU.ActiveCfg = Release|Any CPU
		{FE741986-0068-485E-9B39-AA5C541C12BF}.Release|Any CPU.Build.0 = Release|Any CPU
		{FE741986-0068-485E-9B39-AA5C541C12BF}.Release|iPhone.ActiveCfg = Release|Any CPU
		{FE741986-0068-485E-9B39-AA5C541C12BF}.Release|iPhone.Build.0 = Release|Any CPU
		{FE741986-0068-485E-9B39-AA5C541C12BF}.Release|iPhoneSimulator.ActiveCfg = Release|Any CPU
		{FE741986-0068-485E-9B39-AA5C541C12BF}.Release|iPhoneSimulator.Build.0 = Release|Any CPU
		{B9081916-D11E-407B-BD72-FA7FFAC2A813}.Debug|Any CPU.ActiveCfg = Debug|Any CPU
		{B9081916-D11E-407B-BD72-FA7FFAC2A813}.Debug|Any CPU.Build.0 = Debug|Any CPU
		{B9081916-D11E-407B-BD72-FA7FFAC2A813}.Debug|Any CPU.Deploy.0 = Debug|Any CPU
		{B9081916-D11E-407B-BD72-FA7FFAC2A813}.Debug|iPhone.ActiveCfg = Debug|Any CPU
		{B9081916-D11E-407B-BD72-FA7FFAC2A813}.Debug|iPhone.Build.0 = Debug|Any CPU
		{B9081916-D11E-407B-BD72-FA7FFAC2A813}.Debug|iPhone.Deploy.0 = Debug|Any CPU
		{B9081916-D11E-407B-BD72-FA7FFAC2A813}.Debug|iPhoneSimulator.ActiveCfg = Debug|Any CPU
		{B9081916-D11E-407B-BD72-FA7FFAC2A813}.Debug|iPhoneSimulator.Build.0 = Debug|Any CPU
		{B9081916-D11E-407B-BD72-FA7FFAC2A813}.Debug|iPhoneSimulator.Deploy.0 = Debug|Any CPU
		{B9081916-D11E-407B-BD72-FA7FFAC2A813}.Release|Any CPU.ActiveCfg = Release|Any CPU
		{B9081916-D11E-407B-BD72-FA7FFAC2A813}.Release|Any CPU.Build.0 = Release|Any CPU
		{B9081916-D11E-407B-BD72-FA7FFAC2A813}.Release|Any CPU.Deploy.0 = Release|Any CPU
		{B9081916-D11E-407B-BD72-FA7FFAC2A813}.Release|iPhone.ActiveCfg = Release|Any CPU
		{B9081916-D11E-407B-BD72-FA7FFAC2A813}.Release|iPhone.Build.0 = Release|Any CPU
		{B9081916-D11E-407B-BD72-FA7FFAC2A813}.Release|iPhone.Deploy.0 = Release|Any CPU
		{B9081916-D11E-407B-BD72-FA7FFAC2A813}.Release|iPhoneSimulator.ActiveCfg = Release|Any CPU
		{B9081916-D11E-407B-BD72-FA7FFAC2A813}.Release|iPhoneSimulator.Build.0 = Release|Any CPU
		{B9081916-D11E-407B-BD72-FA7FFAC2A813}.Release|iPhoneSimulator.Deploy.0 = Release|Any CPU
		{20807A42-C737-41A7-83C7-62B875DC0E3F}.Debug|Any CPU.ActiveCfg = Debug|iPhone
		{20807A42-C737-41A7-83C7-62B875DC0E3F}.Debug|iPhone.ActiveCfg = Debug|iPhone
		{20807A42-C737-41A7-83C7-62B875DC0E3F}.Debug|iPhone.Build.0 = Debug|iPhone
		{20807A42-C737-41A7-83C7-62B875DC0E3F}.Debug|iPhoneSimulator.ActiveCfg = Debug|iPhoneSimulator
		{20807A42-C737-41A7-83C7-62B875DC0E3F}.Debug|iPhoneSimulator.Build.0 = Debug|iPhoneSimulator
		{20807A42-C737-41A7-83C7-62B875DC0E3F}.Release|Any CPU.ActiveCfg = Release|iPhone
		{20807A42-C737-41A7-83C7-62B875DC0E3F}.Release|iPhone.ActiveCfg = Release|iPhone
		{20807A42-C737-41A7-83C7-62B875DC0E3F}.Release|iPhone.Build.0 = Release|iPhone
		{20807A42-C737-41A7-83C7-62B875DC0E3F}.Release|iPhoneSimulator.ActiveCfg = Release|iPhoneSimulator
		{20807A42-C737-41A7-83C7-62B875DC0E3F}.Release|iPhoneSimulator.Build.0 = Release|iPhoneSimulator
		{CF7D0880-3B9C-46D3-938D-B600B119A316}.Debug|Any CPU.ActiveCfg = Debug|Any CPU
		{CF7D0880-3B9C-46D3-938D-B600B119A316}.Debug|Any CPU.Build.0 = Debug|Any CPU
		{CF7D0880-3B9C-46D3-938D-B600B119A316}.Debug|iPhone.ActiveCfg = Debug|Any CPU
		{CF7D0880-3B9C-46D3-938D-B600B119A316}.Debug|iPhone.Build.0 = Debug|Any CPU
		{CF7D0880-3B9C-46D3-938D-B600B119A316}.Debug|iPhoneSimulator.ActiveCfg = Debug|Any CPU
		{CF7D0880-3B9C-46D3-938D-B600B119A316}.Debug|iPhoneSimulator.Build.0 = Debug|Any CPU
		{CF7D0880-3B9C-46D3-938D-B600B119A316}.Release|Any CPU.ActiveCfg = Release|Any CPU
		{CF7D0880-3B9C-46D3-938D-B600B119A316}.Release|Any CPU.Build.0 = Release|Any CPU
		{CF7D0880-3B9C-46D3-938D-B600B119A316}.Release|iPhone.ActiveCfg = Release|Any CPU
		{CF7D0880-3B9C-46D3-938D-B600B119A316}.Release|iPhone.Build.0 = Release|Any CPU
		{CF7D0880-3B9C-46D3-938D-B600B119A316}.Release|iPhoneSimulator.ActiveCfg = Release|Any CPU
		{CF7D0880-3B9C-46D3-938D-B600B119A316}.Release|iPhoneSimulator.Build.0 = Release|Any CPU
	EndGlobalSection
	GlobalSection(SolutionProperties) = preSolution
		HideSolutionNode = FALSE
	EndGlobalSection
	GlobalSection(ExtensibilityGlobals) = postSolution
		SolutionGuid = {F5C26F9D-7831-44D2-AE76-90250552395E}
	EndGlobalSection
EndGlobal
